
Microsoft Visual Studio Solution File, Format Version 12.00
# Visual Studio Version 17
VisualStudioVersion = 17.5.33530.505
MinimumVisualStudioVersion = 10.0.40219.1
Project("{2150E333-8FDC-42A3-9474-1A3956D46DE8}") = "Services", "Services", "{6FF5AC5A-C583-488C-828B-FED99775116E}"
EndProject
Project("{2150E333-8FDC-42A3-9474-1A3956D46DE8}") = "CAT.Catalog", "CAT.Catalog", "{F2387989-6D7D-4904-95E0-4EF203F2EEC0}"
EndProject
Project("{9A19103F-16F7-4668-BE54-9A1E7A4F7556}") = "CAT.Catalog", "Services\CAT.Catalog\CAT.Catalog.csproj", "{00DD84A3-21F6-4533-A0C0-551EFF81D089}"
EndProject
Project("{2150E333-8FDC-42A3-9474-1A3956D46DE8}") = "Shared", "Shared", "{B1D271DF-E2B4-4411-92C9-B0BA83ED2731}"
EndProject
Project("{9A19103F-16F7-4668-BE54-9A1E7A4F7556}") = "CAT.Shared", "Shared\CAT.Shared\CAT.Shared.csproj", "{5534DA5F-1D33-4840-B134-072ACC30B195}"
EndProject
Project("{2150E333-8FDC-42A3-9474-1A3956D46DE8}") = "IdentityServer", "IdentityServer", "{E1369AEF-9114-4290-96CC-E526FD4C1345}"
EndProject
Project("{9A19103F-16F7-4668-BE54-9A1E7A4F7556}") = "CAT.Identity", "IdentityServer\CAT.Identity\CAT.Identity.csproj", "{BF56F8B5-74E8-45C6-BCBB-BE84ED352DCB}"
EndProject
Project("{2150E333-8FDC-42A3-9474-1A3956D46DE8}") = "CAT.Wishlist", "CAT.Wishlist", "{A3ED4E61-00C6-4C05-AF33-569D7C57C894}"
EndProject
Project("{9A19103F-16F7-4668-BE54-9A1E7A4F7556}") = "CAT.Wishlist.API", "Services\CAT.Wishlist\CAT.Wishlist.API\CAT.Wishlist.API.csproj", "{4B7D48E5-A85C-44E7-B507-EAB8863A24F6}"
EndProject
Project("{9A19103F-16F7-4668-BE54-9A1E7A4F7556}") = "CAT.Wishlist.Application", "Services\CAT.Wishlist\CAT.Wishlist.Application\CAT.Wishlist.Application.csproj", "{BDDEE5E7-B2AE-461E-8EFA-69C1F7ACA9A7}"
EndProject
Project("{9A19103F-16F7-4668-BE54-9A1E7A4F7556}") = "CAT.Wishlist.Domain", "Services\CAT.Wishlist\CAT.Wishlist.Domain\CAT.Wishlist.Domain.csproj", "{8B854DB2-7B71-403C-8EAE-B12945683536}"
EndProject
Project("{9A19103F-16F7-4668-BE54-9A1E7A4F7556}") = "CAT.Wishlist.Domain.Core", "Services\CAT.Wishlist\CAT.Wishlist.Domain.Core\CAT.Wishlist.Domain.Core.csproj", "{5D5CF95B-EBE4-4A21-A350-83ABDCB4D342}"
EndProject
Project("{9A19103F-16F7-4668-BE54-9A1E7A4F7556}") = "CAT.Wishlist.Infrastructure", "Services\Cat.Wishlist\CAT.Wishlist.Infrastructure\CAT.Wishlist.Infrastructure.csproj", "{C4F62085-5E2B-40DA-9A35-DDBD682E9896}"
EndProject
Project("{2150E333-8FDC-42A3-9474-1A3956D46DE8}") = "Gateways", "Gateways", "{19B0E885-1AAD-4AAC-9FC3-F411F09471F2}"
EndProject
Project("{FAE04EC0-301F-11D3-BF4B-00C04F79EFBC}") = "CAT.Gateway", "CAT.Gateway\CAT.Gateway.csproj", "{C554B9F5-A0F0-4F28-AFD1-0E2F8A372B8D}"
EndProject
Global
	GlobalSection(SolutionConfigurationPlatforms) = preSolution
		Debug|Any CPU = Debug|Any CPU
		Release|Any CPU = Release|Any CPU
	EndGlobalSection
	GlobalSection(ProjectConfigurationPlatforms) = postSolution
		{00DD84A3-21F6-4533-A0C0-551EFF81D089}.Debug|Any CPU.ActiveCfg = Debug|Any CPU
		{00DD84A3-21F6-4533-A0C0-551EFF81D089}.Debug|Any CPU.Build.0 = Debug|Any CPU
		{00DD84A3-21F6-4533-A0C0-551EFF81D089}.Release|Any CPU.ActiveCfg = Release|Any CPU
		{00DD84A3-21F6-4533-A0C0-551EFF81D089}.Release|Any CPU.Build.0 = Release|Any CPU
		{5534DA5F-1D33-4840-B134-072ACC30B195}.Debug|Any CPU.ActiveCfg = Debug|Any CPU
		{5534DA5F-1D33-4840-B134-072ACC30B195}.Debug|Any CPU.Build.0 = Debug|Any CPU
		{5534DA5F-1D33-4840-B134-072ACC30B195}.Release|Any CPU.ActiveCfg = Release|Any CPU
		{5534DA5F-1D33-4840-B134-072ACC30B195}.Release|Any CPU.Build.0 = Release|Any CPU
		{BF56F8B5-74E8-45C6-BCBB-BE84ED352DCB}.Debug|Any CPU.ActiveCfg = Debug|Any CPU
		{BF56F8B5-74E8-45C6-BCBB-BE84ED352DCB}.Debug|Any CPU.Build.0 = Debug|Any CPU
		{BF56F8B5-74E8-45C6-BCBB-BE84ED352DCB}.Release|Any CPU.ActiveCfg = Release|Any CPU
		{BF56F8B5-74E8-45C6-BCBB-BE84ED352DCB}.Release|Any CPU.Build.0 = Release|Any CPU
		{4B7D48E5-A85C-44E7-B507-EAB8863A24F6}.Debug|Any CPU.ActiveCfg = Debug|Any CPU
		{4B7D48E5-A85C-44E7-B507-EAB8863A24F6}.Debug|Any CPU.Build.0 = Debug|Any CPU
		{4B7D48E5-A85C-44E7-B507-EAB8863A24F6}.Release|Any CPU.ActiveCfg = Release|Any CPU
		{4B7D48E5-A85C-44E7-B507-EAB8863A24F6}.Release|Any CPU.Build.0 = Release|Any CPU
		{BDDEE5E7-B2AE-461E-8EFA-69C1F7ACA9A7}.Debug|Any CPU.ActiveCfg = Debug|Any CPU
		{BDDEE5E7-B2AE-461E-8EFA-69C1F7ACA9A7}.Debug|Any CPU.Build.0 = Debug|Any CPU
		{BDDEE5E7-B2AE-461E-8EFA-69C1F7ACA9A7}.Release|Any CPU.ActiveCfg = Release|Any CPU
		{BDDEE5E7-B2AE-461E-8EFA-69C1F7ACA9A7}.Release|Any CPU.Build.0 = Release|Any CPU
		{8B854DB2-7B71-403C-8EAE-B12945683536}.Debug|Any CPU.ActiveCfg = Debug|Any CPU
		{8B854DB2-7B71-403C-8EAE-B12945683536}.Debug|Any CPU.Build.0 = Debug|Any CPU
		{8B854DB2-7B71-403C-8EAE-B12945683536}.Release|Any CPU.ActiveCfg = Release|Any CPU
		{8B854DB2-7B71-403C-8EAE-B12945683536}.Release|Any CPU.Build.0 = Release|Any CPU
		{5D5CF95B-EBE4-4A21-A350-83ABDCB4D342}.Debug|Any CPU.ActiveCfg = Debug|Any CPU
		{5D5CF95B-EBE4-4A21-A350-83ABDCB4D342}.Debug|Any CPU.Build.0 = Debug|Any CPU
		{5D5CF95B-EBE4-4A21-A350-83ABDCB4D342}.Release|Any CPU.ActiveCfg = Release|Any CPU
		{5D5CF95B-EBE4-4A21-A350-83ABDCB4D342}.Release|Any CPU.Build.0 = Release|Any CPU
		{C4F62085-5E2B-40DA-9A35-DDBD682E9896}.Debug|Any CPU.ActiveCfg = Debug|Any CPU
		{C4F62085-5E2B-40DA-9A35-DDBD682E9896}.Debug|Any CPU.Build.0 = Debug|Any CPU
		{C4F62085-5E2B-40DA-9A35-DDBD682E9896}.Release|Any CPU.ActiveCfg = Release|Any CPU
		{C4F62085-5E2B-40DA-9A35-DDBD682E9896}.Release|Any CPU.Build.0 = Release|Any CPU
		{C554B9F5-A0F0-4F28-AFD1-0E2F8A372B8D}.Debug|Any CPU.ActiveCfg = Debug|Any CPU
		{C554B9F5-A0F0-4F28-AFD1-0E2F8A372B8D}.Debug|Any CPU.Build.0 = Debug|Any CPU
		{C554B9F5-A0F0-4F28-AFD1-0E2F8A372B8D}.Release|Any CPU.ActiveCfg = Release|Any CPU
		{C554B9F5-A0F0-4F28-AFD1-0E2F8A372B8D}.Release|Any CPU.Build.0 = Release|Any CPU
	EndGlobalSection
	GlobalSection(SolutionProperties) = preSolution
		HideSolutionNode = FALSE
	EndGlobalSection
	GlobalSection(NestedProjects) = preSolution
		{F2387989-6D7D-4904-95E0-4EF203F2EEC0} = {6FF5AC5A-C583-488C-828B-FED99775116E}
		{00DD84A3-21F6-4533-A0C0-551EFF81D089} = {F2387989-6D7D-4904-95E0-4EF203F2EEC0}
		{5534DA5F-1D33-4840-B134-072ACC30B195} = {B1D271DF-E2B4-4411-92C9-B0BA83ED2731}
		{BF56F8B5-74E8-45C6-BCBB-BE84ED352DCB} = {E1369AEF-9114-4290-96CC-E526FD4C1345}
		{A3ED4E61-00C6-4C05-AF33-569D7C57C894} = {6FF5AC5A-C583-488C-828B-FED99775116E}
		{4B7D48E5-A85C-44E7-B507-EAB8863A24F6} = {A3ED4E61-00C6-4C05-AF33-569D7C57C894}
		{BDDEE5E7-B2AE-461E-8EFA-69C1F7ACA9A7} = {A3ED4E61-00C6-4C05-AF33-569D7C57C894}
		{8B854DB2-7B71-403C-8EAE-B12945683536} = {A3ED4E61-00C6-4C05-AF33-569D7C57C894}
		{5D5CF95B-EBE4-4A21-A350-83ABDCB4D342} = {A3ED4E61-00C6-4C05-AF33-569D7C57C894}
		{C4F62085-5E2B-40DA-9A35-DDBD682E9896} = {A3ED4E61-00C6-4C05-AF33-569D7C57C894}
		{C554B9F5-A0F0-4F28-AFD1-0E2F8A372B8D} = {19B0E885-1AAD-4AAC-9FC3-F411F09471F2}
	EndGlobalSection
	GlobalSection(ExtensibilityGlobals) = postSolution
		SolutionGuid = {36CB8EA1-B2A3-4C43-8689-ED803153A141}
	EndGlobalSection
EndGlobal
